// !$*UTF8*$!
{
	archiveVersion = 1;
	classes = {
	};
	objectVersion = 56;
	objects = {

/* Begin PBXBuildFile section */
		D660E66E2BAB7ADD00C897FC /* NewViewController.swift in Sources */ = {isa = PBXBuildFile; fileRef = D660E66C2BAB7ADD00C897FC /* NewViewController.swift */; };
		D660E66F2BAB7ADD00C897FC /* NewViewController.xib in Resources */ = {isa = PBXBuildFile; fileRef = D660E66D2BAB7ADD00C897FC /* NewViewController.xib */; };
		D660E6722BAB82EB00C897FC /* String+Ext.swift in Sources */ = {isa = PBXBuildFile; fileRef = D660E6712BAB82EB00C897FC /* String+Ext.swift */; };
		D660E6742BAB846B00C897FC /* NewsDetailsCoordinator.swift in Sources */ = {isa = PBXBuildFile; fileRef = D660E6732BAB846B00C897FC /* NewsDetailsCoordinator.swift */; };
		D660E6782BAB8E7400C897FC /* TechCollectionViewCell.swift in Sources */ = {isa = PBXBuildFile; fileRef = D660E6762BAB8E7400C897FC /* TechCollectionViewCell.swift */; };
		D660E6792BAB8E7400C897FC /* TechCollectionViewCell.xib in Resources */ = {isa = PBXBuildFile; fileRef = D660E6772BAB8E7400C897FC /* TechCollectionViewCell.xib */; };
		D660E67B2BAB8F8300C897FC /* TechSection.swift in Sources */ = {isa = PBXBuildFile; fileRef = D660E67A2BAB8F8300C897FC /* TechSection.swift */; };
		D660E6802BAB98E800C897FC /* PoliticsCollectionViewCell.swift in Sources */ = {isa = PBXBuildFile; fileRef = D660E67E2BAB98E800C897FC /* PoliticsCollectionViewCell.swift */; };
		D660E6812BAB98E800C897FC /* PoliticsCollectionViewCell.xib in Resources */ = {isa = PBXBuildFile; fileRef = D660E67F2BAB98E800C897FC /* PoliticsCollectionViewCell.xib */; };
		D660E6832BAB9B1300C897FC /* PoliticsSection.swift in Sources */ = {isa = PBXBuildFile; fileRef = D660E6822BAB9B1300C897FC /* PoliticsSection.swift */; };
		D6B1166C2BA7806100017605 /* AppDelegate.swift in Sources */ = {isa = PBXBuildFile; fileRef = D6B1166B2BA7806100017605 /* AppDelegate.swift */; };
		D6B1166E2BA7806100017605 /* SceneDelegate.swift in Sources */ = {isa = PBXBuildFile; fileRef = D6B1166D2BA7806100017605 /* SceneDelegate.swift */; };
		D6B116762BA7806100017605 /* News.xcdatamodeld in Sources */ = {isa = PBXBuildFile; fileRef = D6B116742BA7806100017605 /* News.xcdatamodeld */; };
		D6B116782BA7806300017605 /* Assets.xcassets in Resources */ = {isa = PBXBuildFile; fileRef = D6B116772BA7806300017605 /* Assets.xcassets */; };
		D6B1167B2BA7806300017605 /* LaunchScreen.storyboard in Resources */ = {isa = PBXBuildFile; fileRef = D6B116792BA7806300017605 /* LaunchScreen.storyboard */; };
		D6B116862BA7806300017605 /* NewsTests.swift in Sources */ = {isa = PBXBuildFile; fileRef = D6B116852BA7806300017605 /* NewsTests.swift */; };
		D6B116902BA7806300017605 /* NewsUITests.swift in Sources */ = {isa = PBXBuildFile; fileRef = D6B1168F2BA7806300017605 /* NewsUITests.swift */; };
		D6B116922BA7806400017605 /* NewsUITestsLaunchTests.swift in Sources */ = {isa = PBXBuildFile; fileRef = D6B116912BA7806400017605 /* NewsUITestsLaunchTests.swift */; };
		D6B116A62BA7815000017605 /* Collection+.swift in Sources */ = {isa = PBXBuildFile; fileRef = D6B116A52BA7815000017605 /* Collection+.swift */; };
		D6B116A82BA7816E00017605 /* UICollectionVeiw+Extension.swift in Sources */ = {isa = PBXBuildFile; fileRef = D6B116A72BA7816E00017605 /* UICollectionVeiw+Extension.swift */; };
		D6B116AB2BA7818800017605 /* mainWindow.swift in Sources */ = {isa = PBXBuildFile; fileRef = D6B116AA2BA7818800017605 /* mainWindow.swift */; };
		D6B116AE2BA781A100017605 /* +topMostViewController.swift in Sources */ = {isa = PBXBuildFile; fileRef = D6B116AD2BA781A100017605 /* +topMostViewController.swift */; };
		D6B116B12BA781B800017605 /* SectionsLayout.swift in Sources */ = {isa = PBXBuildFile; fileRef = D6B116B02BA781B800017605 /* SectionsLayout.swift */; };
		D6B116B92BA7820300017605 /* Localizable.strings in Resources */ = {isa = PBXBuildFile; fileRef = D6B116B82BA7820300017605 /* Localizable.strings */; };
		D6B116BB2BA7823700017605 /* .swiftlint.yml in Resources */ = {isa = PBXBuildFile; fileRef = D6B116BA2BA7823700017605 /* .swiftlint.yml */; };
		D6B116BE2BA782AF00017605 /* swiftgen.yml in Resources */ = {isa = PBXBuildFile; fileRef = D6B116BD2BA782AF00017605 /* swiftgen.yml */; };
		D6B116C12BA782F200017605 /* Strings+Generated.swift in Sources */ = {isa = PBXBuildFile; fileRef = D6B116C02BA782F200017605 /* Strings+Generated.swift */; };
		D6B116C32BA7837200017605 /* Coordinator.swift in Sources */ = {isa = PBXBuildFile; fileRef = D6B116C22BA7837200017605 /* Coordinator.swift */; };
		D6B116C52BA7838B00017605 /* AppRouter.swift in Sources */ = {isa = PBXBuildFile; fileRef = D6B116C42BA7838B00017605 /* AppRouter.swift */; };
		D6B116C72BA783A300017605 /* Router.swift in Sources */ = {isa = PBXBuildFile; fileRef = D6B116C62BA783A300017605 /* Router.swift */; };
		D6B116D02BA7871B00017605 /* Colors.xcassets in Resources */ = {isa = PBXBuildFile; fileRef = D6B116CF2BA7871B00017605 /* Colors.xcassets */; };
		D6B116D62BA7B88E00017605 /* TabBarViewModel.swift in Sources */ = {isa = PBXBuildFile; fileRef = D6B116D12BA7B88E00017605 /* TabBarViewModel.swift */; };
		D6B116D72BA7B88E00017605 /* TabBar.swift in Sources */ = {isa = PBXBuildFile; fileRef = D6B116D22BA7B88E00017605 /* TabBar.swift */; };
		D6B116D82BA7B88E00017605 /* TabBarType.swift in Sources */ = {isa = PBXBuildFile; fileRef = D6B116D32BA7B88E00017605 /* TabBarType.swift */; };
		D6B116D92BA7B88E00017605 /* TabBarItem.swift in Sources */ = {isa = PBXBuildFile; fileRef = D6B116D42BA7B88E00017605 /* TabBarItem.swift */; };
		D6B116DA2BA7B88E00017605 /* TabBarViewControlle.swift in Sources */ = {isa = PBXBuildFile; fileRef = D6B116D52BA7B88E00017605 /* TabBarViewControlle.swift */; };
		D6B116DD2BA7B91000017605 /* MakeConstraints in Frameworks */ = {isa = PBXBuildFile; productRef = D6B116DC2BA7B91000017605 /* MakeConstraints */; };
		D6B116E02BA7C10600017605 /* HomeViewController.swift in Sources */ = {isa = PBXBuildFile; fileRef = D6B116DE2BA7C10600017605 /* HomeViewController.swift */; };
		D6B116E92BA8DF3900017605 /* BaseAPI.swift in Sources */ = {isa = PBXBuildFile; fileRef = D6B116E82BA8DF3900017605 /* BaseAPI.swift */; };
		D6B116EB2BA8E03C00017605 /* EndPoint.swift in Sources */ = {isa = PBXBuildFile; fileRef = D6B116EA2BA8E03C00017605 /* EndPoint.swift */; };
		D6B116ED2BA8E10100017605 /* APIRequest.swift in Sources */ = {isa = PBXBuildFile; fileRef = D6B116EC2BA8E10100017605 /* APIRequest.swift */; };
		D6B116F02BA9189000017605 /* NewsModel.swift in Sources */ = {isa = PBXBuildFile; fileRef = D6B116EF2BA9189000017605 /* NewsModel.swift */; };
		D6B116F22BA92E2500017605 /* NewsAPI.swift in Sources */ = {isa = PBXBuildFile; fileRef = D6B116F12BA92E2500017605 /* NewsAPI.swift */; };
		D6B116FA2BA9F9F900017605 /* BreakingNewsCollectionViewCell.swift in Sources */ = {isa = PBXBuildFile; fileRef = D6B116F82BA9F9F900017605 /* BreakingNewsCollectionViewCell.swift */; };
		D6B116FB2BA9F9FA00017605 /* BreakingNewsCollectionViewCell.xib in Resources */ = {isa = PBXBuildFile; fileRef = D6B116F92BA9F9F900017605 /* BreakingNewsCollectionViewCell.xib */; };
		D6B116FF2BAA472C00017605 /* UIImageView+Ext.swift in Sources */ = {isa = PBXBuildFile; fileRef = D6B116FE2BAA472C00017605 /* UIImageView+Ext.swift */; };
		D6B117012BAA47EB00017605 /* BreakingNewsSection.swift in Sources */ = {isa = PBXBuildFile; fileRef = D6B117002BAA47EB00017605 /* BreakingNewsSection.swift */; };
		D6B117062BAA4C2400017605 /* HeaderCollectionReusableView.xib in Resources */ = {isa = PBXBuildFile; fileRef = D6B117042BAA4C2400017605 /* HeaderCollectionReusableView.xib */; };
		D6B117072BAA4C2400017605 /* HeaderCollectionReusableView.swift in Sources */ = {isa = PBXBuildFile; fileRef = D6B117052BAA4C2400017605 /* HeaderCollectionReusableView.swift */; };
		D6B1170D2BAA4C4600017605 /* Poppins-SemiBold.ttf in Resources */ = {isa = PBXBuildFile; fileRef = D6B117082BAA4C4600017605 /* Poppins-SemiBold.ttf */; };
		D6B1170E2BAA4C4600017605 /* Poppins-Medium.ttf in Resources */ = {isa = PBXBuildFile; fileRef = D6B117092BAA4C4600017605 /* Poppins-Medium.ttf */; };
		D6B1170F2BAA4C4600017605 /* Poppins-Regular.ttf in Resources */ = {isa = PBXBuildFile; fileRef = D6B1170A2BAA4C4600017605 /* Poppins-Regular.ttf */; };
		D6B117102BAA4C4600017605 /* Fonts.swift in Sources */ = {isa = PBXBuildFile; fileRef = D6B1170B2BAA4C4600017605 /* Fonts.swift */; };
		D6B117112BAA4C4600017605 /* Poppins-Bold.ttf in Resources */ = {isa = PBXBuildFile; fileRef = D6B1170C2BAA4C4600017605 /* Poppins-Bold.ttf */; };
		D6B117132BAA4D3700017605 /* HomeFactory.swift in Sources */ = {isa = PBXBuildFile; fileRef = D6B117122BAA4D3700017605 /* HomeFactory.swift */; };
		D6B117162BAA4D7000017605 /* HomeViewModel.swift in Sources */ = {isa = PBXBuildFile; fileRef = D6B117152BAA4D7000017605 /* HomeViewModel.swift */; };
		D6B117182BAA4DA500017605 /* HomeUseCase.swift in Sources */ = {isa = PBXBuildFile; fileRef = D6B117172BAA4DA500017605 /* HomeUseCase.swift */; };
		D6B1171A2BAA6F3100017605 /* HomeCoordinator.swift in Sources */ = {isa = PBXBuildFile; fileRef = D6B117192BAA6F3100017605 /* HomeCoordinator.swift */; };
		D6B1171C2BAA6F6600017605 /* TabBarCoordinator.swift in Sources */ = {isa = PBXBuildFile; fileRef = D6B1171B2BAA6F6600017605 /* TabBarCoordinator.swift */; };
		D6B1171E2BAA710100017605 /* AppCoordinator.swift in Sources */ = {isa = PBXBuildFile; fileRef = D6B1171D2BAA710100017605 /* AppCoordinator.swift */; };
		D6B117222BAB403800017605 /* ExploreCollectionViewCell.swift in Sources */ = {isa = PBXBuildFile; fileRef = D6B117202BAB403800017605 /* ExploreCollectionViewCell.swift */; };
		D6B117232BAB403800017605 /* ExploreCollectionViewCell.xib in Resources */ = {isa = PBXBuildFile; fileRef = D6B117212BAB403800017605 /* ExploreCollectionViewCell.xib */; };
		D6B117252BAB412800017605 /* ExploreSection.swift in Sources */ = {isa = PBXBuildFile; fileRef = D6B117242BAB412800017605 /* ExploreSection.swift */; };
		D6B117282BAB4A1E00017605 /* ViewAnimator in Frameworks */ = {isa = PBXBuildFile; productRef = D6B117272BAB4A1E00017605 /* ViewAnimator */; };
/* End PBXBuildFile section */

/* Begin PBXContainerItemProxy section */
		D6B116822BA7806300017605 /* PBXContainerItemProxy */ = {
			isa = PBXContainerItemProxy;
			containerPortal = D6B116602BA7806100017605 /* Project object */;
			proxyType = 1;
			remoteGlobalIDString = D6B116672BA7806100017605;
			remoteInfo = News;
		};
		D6B1168C2BA7806300017605 /* PBXContainerItemProxy */ = {
			isa = PBXContainerItemProxy;
			containerPortal = D6B116602BA7806100017605 /* Project object */;
			proxyType = 1;
			remoteGlobalIDString = D6B116672BA7806100017605;
			remoteInfo = News;
		};
/* End PBXContainerItemProxy section */

/* Begin PBXFileReference section */
		D660E66C2BAB7ADD00C897FC /* NewViewController.swift */ = {isa = PBXFileReference; lastKnownFileType = sourcecode.swift; path = NewViewController.swift; sourceTree = "<group>"; };
		D660E66D2BAB7ADD00C897FC /* NewViewController.xib */ = {isa = PBXFileReference; lastKnownFileType = file.xib; path = NewViewController.xib; sourceTree = "<group>"; };
		D660E6712BAB82EB00C897FC /* String+Ext.swift */ = {isa = PBXFileReference; lastKnownFileType = sourcecode.swift; path = "String+Ext.swift"; sourceTree = "<group>"; };
		D660E6732BAB846B00C897FC /* NewsDetailsCoordinator.swift */ = {isa = PBXFileReference; lastKnownFileType = sourcecode.swift; path = NewsDetailsCoordinator.swift; sourceTree = "<group>"; };
		D660E6762BAB8E7400C897FC /* TechCollectionViewCell.swift */ = {isa = PBXFileReference; lastKnownFileType = sourcecode.swift; path = TechCollectionViewCell.swift; sourceTree = "<group>"; };
		D660E6772BAB8E7400C897FC /* TechCollectionViewCell.xib */ = {isa = PBXFileReference; lastKnownFileType = file.xib; path = TechCollectionViewCell.xib; sourceTree = "<group>"; };
		D660E67A2BAB8F8300C897FC /* TechSection.swift */ = {isa = PBXFileReference; lastKnownFileType = sourcecode.swift; path = TechSection.swift; sourceTree = "<group>"; };
		D660E67E2BAB98E800C897FC /* PoliticsCollectionViewCell.swift */ = {isa = PBXFileReference; lastKnownFileType = sourcecode.swift; path = PoliticsCollectionViewCell.swift; sourceTree = "<group>"; };
		D660E67F2BAB98E800C897FC /* PoliticsCollectionViewCell.xib */ = {isa = PBXFileReference; lastKnownFileType = file.xib; path = PoliticsCollectionViewCell.xib; sourceTree = "<group>"; };
		D660E6822BAB9B1300C897FC /* PoliticsSection.swift */ = {isa = PBXFileReference; lastKnownFileType = sourcecode.swift; path = PoliticsSection.swift; sourceTree = "<group>"; };
		D6B116682BA7806100017605 /* News.app */ = {isa = PBXFileReference; explicitFileType = wrapper.application; includeInIndex = 0; path = News.app; sourceTree = BUILT_PRODUCTS_DIR; };
		D6B1166B2BA7806100017605 /* AppDelegate.swift */ = {isa = PBXFileReference; lastKnownFileType = sourcecode.swift; path = AppDelegate.swift; sourceTree = "<group>"; };
		D6B1166D2BA7806100017605 /* SceneDelegate.swift */ = {isa = PBXFileReference; lastKnownFileType = sourcecode.swift; path = SceneDelegate.swift; sourceTree = "<group>"; };
		D6B116752BA7806100017605 /* News.xcdatamodel */ = {isa = PBXFileReference; lastKnownFileType = wrapper.xcdatamodel; path = News.xcdatamodel; sourceTree = "<group>"; };
		D6B116772BA7806300017605 /* Assets.xcassets */ = {isa = PBXFileReference; lastKnownFileType = folder.assetcatalog; path = Assets.xcassets; sourceTree = "<group>"; };
		D6B1167A2BA7806300017605 /* Base */ = {isa = PBXFileReference; lastKnownFileType = file.storyboard; name = Base; path = Base.lproj/LaunchScreen.storyboard; sourceTree = "<group>"; };
		D6B1167C2BA7806300017605 /* Info.plist */ = {isa = PBXFileReference; lastKnownFileType = text.plist.xml; path = Info.plist; sourceTree = "<group>"; };
		D6B116812BA7806300017605 /* NewsTests.xctest */ = {isa = PBXFileReference; explicitFileType = wrapper.cfbundle; includeInIndex = 0; path = NewsTests.xctest; sourceTree = BUILT_PRODUCTS_DIR; };
		D6B116852BA7806300017605 /* NewsTests.swift */ = {isa = PBXFileReference; lastKnownFileType = sourcecode.swift; path = NewsTests.swift; sourceTree = "<group>"; };
		D6B1168B2BA7806300017605 /* NewsUITests.xctest */ = {isa = PBXFileReference; explicitFileType = wrapper.cfbundle; includeInIndex = 0; path = NewsUITests.xctest; sourceTree = BUILT_PRODUCTS_DIR; };
		D6B1168F2BA7806300017605 /* NewsUITests.swift */ = {isa = PBXFileReference; lastKnownFileType = sourcecode.swift; path = NewsUITests.swift; sourceTree = "<group>"; };
		D6B116912BA7806400017605 /* NewsUITestsLaunchTests.swift */ = {isa = PBXFileReference; lastKnownFileType = sourcecode.swift; path = NewsUITestsLaunchTests.swift; sourceTree = "<group>"; };
		D6B116A52BA7815000017605 /* Collection+.swift */ = {isa = PBXFileReference; lastKnownFileType = sourcecode.swift; path = "Collection+.swift"; sourceTree = "<group>"; };
		D6B116A72BA7816E00017605 /* UICollectionVeiw+Extension.swift */ = {isa = PBXFileReference; lastKnownFileType = sourcecode.swift; path = "UICollectionVeiw+Extension.swift"; sourceTree = "<group>"; };
		D6B116AA2BA7818800017605 /* mainWindow.swift */ = {isa = PBXFileReference; lastKnownFileType = sourcecode.swift; path = mainWindow.swift; sourceTree = "<group>"; };
		D6B116AD2BA781A100017605 /* +topMostViewController.swift */ = {isa = PBXFileReference; lastKnownFileType = sourcecode.swift; path = "+topMostViewController.swift"; sourceTree = "<group>"; };
		D6B116B02BA781B800017605 /* SectionsLayout.swift */ = {isa = PBXFileReference; lastKnownFileType = sourcecode.swift; path = SectionsLayout.swift; sourceTree = "<group>"; };
		D6B116B82BA7820300017605 /* Localizable.strings */ = {isa = PBXFileReference; lastKnownFileType = text.plist.strings; path = Localizable.strings; sourceTree = "<group>"; };
		D6B116BA2BA7823700017605 /* .swiftlint.yml */ = {isa = PBXFileReference; fileEncoding = 4; lastKnownFileType = text.yaml; path = .swiftlint.yml; sourceTree = "<group>"; };
		D6B116BD2BA782AF00017605 /* swiftgen.yml */ = {isa = PBXFileReference; fileEncoding = 4; lastKnownFileType = text.yaml; path = swiftgen.yml; sourceTree = "<group>"; };
		D6B116C02BA782F200017605 /* Strings+Generated.swift */ = {isa = PBXFileReference; fileEncoding = 4; lastKnownFileType = sourcecode.swift; path = "Strings+Generated.swift"; sourceTree = "<group>"; };
		D6B116C22BA7837200017605 /* Coordinator.swift */ = {isa = PBXFileReference; lastKnownFileType = sourcecode.swift; path = Coordinator.swift; sourceTree = "<group>"; };
		D6B116C42BA7838B00017605 /* AppRouter.swift */ = {isa = PBXFileReference; lastKnownFileType = sourcecode.swift; path = AppRouter.swift; sourceTree = "<group>"; };
		D6B116C62BA783A300017605 /* Router.swift */ = {isa = PBXFileReference; lastKnownFileType = sourcecode.swift; path = Router.swift; sourceTree = "<group>"; };
		D6B116CF2BA7871B00017605 /* Colors.xcassets */ = {isa = PBXFileReference; lastKnownFileType = folder.assetcatalog; path = Colors.xcassets; sourceTree = "<group>"; };
		D6B116D12BA7B88E00017605 /* TabBarViewModel.swift */ = {isa = PBXFileReference; fileEncoding = 4; lastKnownFileType = sourcecode.swift; path = TabBarViewModel.swift; sourceTree = "<group>"; };
		D6B116D22BA7B88E00017605 /* TabBar.swift */ = {isa = PBXFileReference; fileEncoding = 4; lastKnownFileType = sourcecode.swift; path = TabBar.swift; sourceTree = "<group>"; };
		D6B116D32BA7B88E00017605 /* TabBarType.swift */ = {isa = PBXFileReference; fileEncoding = 4; lastKnownFileType = sourcecode.swift; path = TabBarType.swift; sourceTree = "<group>"; };
		D6B116D42BA7B88E00017605 /* TabBarItem.swift */ = {isa = PBXFileReference; fileEncoding = 4; lastKnownFileType = sourcecode.swift; path = TabBarItem.swift; sourceTree = "<group>"; };
		D6B116D52BA7B88E00017605 /* TabBarViewControlle.swift */ = {isa = PBXFileReference; fileEncoding = 4; lastKnownFileType = sourcecode.swift; path = TabBarViewControlle.swift; sourceTree = "<group>"; };
		D6B116DE2BA7C10600017605 /* HomeViewController.swift */ = {isa = PBXFileReference; lastKnownFileType = sourcecode.swift; path = HomeViewController.swift; sourceTree = "<group>"; };
		D6B116E82BA8DF3900017605 /* BaseAPI.swift */ = {isa = PBXFileReference; lastKnownFileType = sourcecode.swift; path = BaseAPI.swift; sourceTree = "<group>"; };
		D6B116EA2BA8E03C00017605 /* EndPoint.swift */ = {isa = PBXFileReference; lastKnownFileType = sourcecode.swift; path = EndPoint.swift; sourceTree = "<group>"; };
		D6B116EC2BA8E10100017605 /* APIRequest.swift */ = {isa = PBXFileReference; lastKnownFileType = sourcecode.swift; path = APIRequest.swift; sourceTree = "<group>"; };
		D6B116EF2BA9189000017605 /* NewsModel.swift */ = {isa = PBXFileReference; lastKnownFileType = sourcecode.swift; path = NewsModel.swift; sourceTree = "<group>"; };
		D6B116F12BA92E2500017605 /* NewsAPI.swift */ = {isa = PBXFileReference; lastKnownFileType = sourcecode.swift; path = NewsAPI.swift; sourceTree = "<group>"; };
		D6B116F82BA9F9F900017605 /* BreakingNewsCollectionViewCell.swift */ = {isa = PBXFileReference; lastKnownFileType = sourcecode.swift; path = BreakingNewsCollectionViewCell.swift; sourceTree = "<group>"; };
		D6B116F92BA9F9F900017605 /* BreakingNewsCollectionViewCell.xib */ = {isa = PBXFileReference; lastKnownFileType = file.xib; path = BreakingNewsCollectionViewCell.xib; sourceTree = "<group>"; };
		D6B116FE2BAA472C00017605 /* UIImageView+Ext.swift */ = {isa = PBXFileReference; lastKnownFileType = sourcecode.swift; path = "UIImageView+Ext.swift"; sourceTree = "<group>"; };
		D6B117002BAA47EB00017605 /* BreakingNewsSection.swift */ = {isa = PBXFileReference; lastKnownFileType = sourcecode.swift; path = BreakingNewsSection.swift; sourceTree = "<group>"; };
		D6B117042BAA4C2400017605 /* HeaderCollectionReusableView.xib */ = {isa = PBXFileReference; fileEncoding = 4; lastKnownFileType = file.xib; path = HeaderCollectionReusableView.xib; sourceTree = "<group>"; };
		D6B117052BAA4C2400017605 /* HeaderCollectionReusableView.swift */ = {isa = PBXFileReference; fileEncoding = 4; lastKnownFileType = sourcecode.swift; path = HeaderCollectionReusableView.swift; sourceTree = "<group>"; };
		D6B117082BAA4C4600017605 /* Poppins-SemiBold.ttf */ = {isa = PBXFileReference; lastKnownFileType = file; path = "Poppins-SemiBold.ttf"; sourceTree = "<group>"; };
		D6B117092BAA4C4600017605 /* Poppins-Medium.ttf */ = {isa = PBXFileReference; lastKnownFileType = file; path = "Poppins-Medium.ttf"; sourceTree = "<group>"; };
		D6B1170A2BAA4C4600017605 /* Poppins-Regular.ttf */ = {isa = PBXFileReference; lastKnownFileType = file; path = "Poppins-Regular.ttf"; sourceTree = "<group>"; };
		D6B1170B2BAA4C4600017605 /* Fonts.swift */ = {isa = PBXFileReference; fileEncoding = 4; lastKnownFileType = sourcecode.swift; path = Fonts.swift; sourceTree = "<group>"; };
		D6B1170C2BAA4C4600017605 /* Poppins-Bold.ttf */ = {isa = PBXFileReference; lastKnownFileType = file; path = "Poppins-Bold.ttf"; sourceTree = "<group>"; };
		D6B117122BAA4D3700017605 /* HomeFactory.swift */ = {isa = PBXFileReference; lastKnownFileType = sourcecode.swift; path = HomeFactory.swift; sourceTree = "<group>"; };
		D6B117152BAA4D7000017605 /* HomeViewModel.swift */ = {isa = PBXFileReference; lastKnownFileType = sourcecode.swift; path = HomeViewModel.swift; sourceTree = "<group>"; };
		D6B117172BAA4DA500017605 /* HomeUseCase.swift */ = {isa = PBXFileReference; lastKnownFileType = sourcecode.swift; path = HomeUseCase.swift; sourceTree = "<group>"; };
		D6B117192BAA6F3100017605 /* HomeCoordinator.swift */ = {isa = PBXFileReference; lastKnownFileType = sourcecode.swift; path = HomeCoordinator.swift; sourceTree = "<group>"; };
		D6B1171B2BAA6F6600017605 /* TabBarCoordinator.swift */ = {isa = PBXFileReference; lastKnownFileType = sourcecode.swift; path = TabBarCoordinator.swift; sourceTree = "<group>"; };
		D6B1171D2BAA710100017605 /* AppCoordinator.swift */ = {isa = PBXFileReference; lastKnownFileType = sourcecode.swift; path = AppCoordinator.swift; sourceTree = "<group>"; };
		D6B117202BAB403800017605 /* ExploreCollectionViewCell.swift */ = {isa = PBXFileReference; lastKnownFileType = sourcecode.swift; path = ExploreCollectionViewCell.swift; sourceTree = "<group>"; };
		D6B117212BAB403800017605 /* ExploreCollectionViewCell.xib */ = {isa = PBXFileReference; lastKnownFileType = file.xib; path = ExploreCollectionViewCell.xib; sourceTree = "<group>"; };
		D6B117242BAB412800017605 /* ExploreSection.swift */ = {isa = PBXFileReference; lastKnownFileType = sourcecode.swift; path = ExploreSection.swift; sourceTree = "<group>"; };
/* End PBXFileReference section */

/* Begin PBXFrameworksBuildPhase section */
		D6B116652BA7806100017605 /* Frameworks */ = {
			isa = PBXFrameworksBuildPhase;
			buildActionMask = 2147483647;
			files = (
				D6B117282BAB4A1E00017605 /* ViewAnimator in Frameworks */,
				D6B116DD2BA7B91000017605 /* MakeConstraints in Frameworks */,
			);
			runOnlyForDeploymentPostprocessing = 0;
		};
		D6B1167E2BA7806300017605 /* Frameworks */ = {
			isa = PBXFrameworksBuildPhase;
			buildActionMask = 2147483647;
			files = (
			);
			runOnlyForDeploymentPostprocessing = 0;
		};
		D6B116882BA7806300017605 /* Frameworks */ = {
			isa = PBXFrameworksBuildPhase;
			buildActionMask = 2147483647;
			files = (
			);
			runOnlyForDeploymentPostprocessing = 0;
		};
/* End PBXFrameworksBuildPhase section */

/* Begin PBXGroup section */
		D660E66B2BAB7AC300C897FC /* New */ = {
			isa = PBXGroup;
			children = (
				D660E66C2BAB7ADD00C897FC /* NewViewController.swift */,
				D660E66D2BAB7ADD00C897FC /* NewViewController.xib */,
			);
			path = New;
			sourceTree = "<group>";
		};
		D660E6702BAB82DC00C897FC /* String */ = {
			isa = PBXGroup;
			children = (
				D660E6712BAB82EB00C897FC /* String+Ext.swift */,
			);
			path = String;
			sourceTree = "<group>";
		};
		D660E6752BAB8E5400C897FC /* TechSection */ = {
			isa = PBXGroup;
			children = (
				D660E6762BAB8E7400C897FC /* TechCollectionViewCell.swift */,
				D660E6772BAB8E7400C897FC /* TechCollectionViewCell.xib */,
				D660E67A2BAB8F8300C897FC /* TechSection.swift */,
			);
			path = TechSection;
			sourceTree = "<group>";
		};
		D660E67C2BAB979200C897FC /* Politics Section */ = {
			isa = PBXGroup;
			children = (
				D660E67E2BAB98E800C897FC /* PoliticsCollectionViewCell.swift */,
				D660E67F2BAB98E800C897FC /* PoliticsCollectionViewCell.xib */,
				D660E6822BAB9B1300C897FC /* PoliticsSection.swift */,
			);
			path = "Politics Section";
			sourceTree = "<group>";
		};
		D6B1165F2BA7806100017605 = {
			isa = PBXGroup;
			children = (
				D6B116BA2BA7823700017605 /* .swiftlint.yml */,
				D6B116BD2BA782AF00017605 /* swiftgen.yml */,
				D6B1166A2BA7806100017605 /* News */,
				D6B1169F2BA780F200017605 /* Utilities */,
				D6B116B22BA781D500017605 /* Resources */,
				D6B116842BA7806300017605 /* NewsTests */,
				D6B1168E2BA7806300017605 /* NewsUITests */,
				D6B116692BA7806100017605 /* Products */,
			);
			sourceTree = "<group>";
		};
		D6B116692BA7806100017605 /* Products */ = {
			isa = PBXGroup;
			children = (
				D6B116682BA7806100017605 /* News.app */,
				D6B116812BA7806300017605 /* NewsTests.xctest */,
				D6B1168B2BA7806300017605 /* NewsUITests.xctest */,
			);
			name = Products;
			sourceTree = "<group>";
		};
		D6B1166A2BA7806100017605 /* News */ = {
			isa = PBXGroup;
			children = (
				D6B116EE2BA9188600017605 /* Models */,
				D6B116E72BA8DF1000017605 /* Network */,
				D6B116E22BA8DE6A00017605 /* Managers */,
				D6B1169E2BA780C100017605 /* Scenes */,
				D6B1166B2BA7806100017605 /* AppDelegate.swift */,
				D6B1166D2BA7806100017605 /* SceneDelegate.swift */,
				D6B1167C2BA7806300017605 /* Info.plist */,
				D6B116742BA7806100017605 /* News.xcdatamodeld */,
			);
			path = News;
			sourceTree = "<group>";
		};
		D6B116842BA7806300017605 /* NewsTests */ = {
			isa = PBXGroup;
			children = (
				D6B116852BA7806300017605 /* NewsTests.swift */,
			);
			path = NewsTests;
			sourceTree = "<group>";
		};
		D6B1168E2BA7806300017605 /* NewsUITests */ = {
			isa = PBXGroup;
			children = (
				D6B1168F2BA7806300017605 /* NewsUITests.swift */,
				D6B116912BA7806400017605 /* NewsUITestsLaunchTests.swift */,
			);
			path = NewsUITests;
			sourceTree = "<group>";
		};
		D6B1169E2BA780C100017605 /* Scenes */ = {
			isa = PBXGroup;
			children = (
				D6B116C82BA783FA00017605 /* TabBar */,
				D660E66B2BAB7AC300C897FC /* New */,
			);
			path = Scenes;
			sourceTree = "<group>";
		};
		D6B1169F2BA780F200017605 /* Utilities */ = {
			isa = PBXGroup;
			children = (
				D6B116A02BA7810C00017605 /* Coordnator */,
				D6B116A12BA7811B00017605 /* Router */,
				D6B116A22BA7812500017605 /* Custom Views */,
				D6B116A32BA7813300017605 /* Extensions */,
			);
			path = Utilities;
			sourceTree = "<group>";
		};
		D6B116A02BA7810C00017605 /* Coordnator */ = {
			isa = PBXGroup;
			children = (
				D6B116C22BA7837200017605 /* Coordinator.swift */,
				D6B1171D2BAA710100017605 /* AppCoordinator.swift */,
				D6B1171B2BAA6F6600017605 /* TabBarCoordinator.swift */,
				D6B117192BAA6F3100017605 /* HomeCoordinator.swift */,
				D660E6732BAB846B00C897FC /* NewsDetailsCoordinator.swift */,
			);
			path = Coordnator;
			sourceTree = "<group>";
		};
		D6B116A12BA7811B00017605 /* Router */ = {
			isa = PBXGroup;
			children = (
				D6B116C42BA7838B00017605 /* AppRouter.swift */,
				D6B116C62BA783A300017605 /* Router.swift */,
			);
			path = Router;
			sourceTree = "<group>";
		};
		D6B116A22BA7812500017605 /* Custom Views */ = {
			isa = PBXGroup;
			children = (
				D6B117032BAA4C0700017605 /* SupplementaryView */,
			);
			path = "Custom Views";
			sourceTree = "<group>";
		};
		D6B116A32BA7813300017605 /* Extensions */ = {
			isa = PBXGroup;
			children = (
				D660E6702BAB82DC00C897FC /* String */,
				D6B116FD2BAA471400017605 /* UIImageView */,
				D6B116AF2BA781AF00017605 /* SectionsLayoutProtocol */,
				D6B116AC2BA7819900017605 /* UIViewController */,
				D6B116A92BA7817D00017605 /* UIApplicatoin */,
				D6B116A42BA7813D00017605 /* UICollectionView */,
				D6B116A52BA7815000017605 /* Collection+.swift */,
			);
			path = Extensions;
			sourceTree = "<group>";
		};
		D6B116A42BA7813D00017605 /* UICollectionView */ = {
			isa = PBXGroup;
			children = (
				D6B116A72BA7816E00017605 /* UICollectionVeiw+Extension.swift */,
			);
			path = UICollectionView;
			sourceTree = "<group>";
		};
		D6B116A92BA7817D00017605 /* UIApplicatoin */ = {
			isa = PBXGroup;
			children = (
				D6B116AA2BA7818800017605 /* mainWindow.swift */,
			);
			path = UIApplicatoin;
			sourceTree = "<group>";
		};
		D6B116AC2BA7819900017605 /* UIViewController */ = {
			isa = PBXGroup;
			children = (
				D6B116AD2BA781A100017605 /* +topMostViewController.swift */,
			);
			path = UIViewController;
			sourceTree = "<group>";
		};
		D6B116AF2BA781AF00017605 /* SectionsLayoutProtocol */ = {
			isa = PBXGroup;
			children = (
				D6B116B02BA781B800017605 /* SectionsLayout.swift */,
			);
			path = SectionsLayoutProtocol;
			sourceTree = "<group>";
		};
		D6B116B22BA781D500017605 /* Resources */ = {
			isa = PBXGroup;
			children = (
				D6B116B72BA781FC00017605 /* Localization */,
				D6B116B62BA781F600017605 /* Generated */,
				D6B116B52BA781EF00017605 /* Assets */,
				D6B116B42BA781E700017605 /* Fonts */,
				D6B116B32BA781DE00017605 /* LaunchScreen */,
			);
			path = Resources;
			sourceTree = "<group>";
		};
		D6B116B32BA781DE00017605 /* LaunchScreen */ = {
			isa = PBXGroup;
			children = (
				D6B116792BA7806300017605 /* LaunchScreen.storyboard */,
			);
			path = LaunchScreen;
			sourceTree = "<group>";
		};
		D6B116B42BA781E700017605 /* Fonts */ = {
			isa = PBXGroup;
			children = (
				D6B1170B2BAA4C4600017605 /* Fonts.swift */,
				D6B1170C2BAA4C4600017605 /* Poppins-Bold.ttf */,
				D6B117092BAA4C4600017605 /* Poppins-Medium.ttf */,
				D6B1170A2BAA4C4600017605 /* Poppins-Regular.ttf */,
				D6B117082BAA4C4600017605 /* Poppins-SemiBold.ttf */,
			);
			path = Fonts;
			sourceTree = "<group>";
		};
		D6B116B52BA781EF00017605 /* Assets */ = {
			isa = PBXGroup;
			children = (
				D6B116772BA7806300017605 /* Assets.xcassets */,
				D6B116CF2BA7871B00017605 /* Colors.xcassets */,
			);
			path = Assets;
			sourceTree = "<group>";
		};
		D6B116B62BA781F600017605 /* Generated */ = {
			isa = PBXGroup;
			children = (
				D6B116C02BA782F200017605 /* Strings+Generated.swift */,
			);
			path = Generated;
			sourceTree = "<group>";
		};
		D6B116B72BA781FC00017605 /* Localization */ = {
			isa = PBXGroup;
			children = (
				D6B116B82BA7820300017605 /* Localizable.strings */,
			);
			path = Localization;
			sourceTree = "<group>";
		};
		D6B116C82BA783FA00017605 /* TabBar */ = {
			isa = PBXGroup;
			children = (
				D6B116C92BA7840200017605 /* TabBarController */,
				D6B116CB2BA7845100017605 /* Home */,
				D6B116CC2BA7845400017605 /* Saved */,
				D6B116CD2BA7845900017605 /* Search */,
				D6B116CE2BA7846700017605 /* Settings */,
			);
			path = TabBar;
			sourceTree = "<group>";
		};
		D6B116C92BA7840200017605 /* TabBarController */ = {
			isa = PBXGroup;
			children = (
				D6B116D22BA7B88E00017605 /* TabBar.swift */,
				D6B116D42BA7B88E00017605 /* TabBarItem.swift */,
				D6B116D32BA7B88E00017605 /* TabBarType.swift */,
				D6B116D52BA7B88E00017605 /* TabBarViewControlle.swift */,
				D6B116D12BA7B88E00017605 /* TabBarViewModel.swift */,
			);
			path = TabBarController;
			sourceTree = "<group>";
		};
		D6B116CB2BA7845100017605 /* Home */ = {
			isa = PBXGroup;
			children = (
				D6B116F32BA9F9A700017605 /* Data */,
				D6B116F42BA9F9AB00017605 /* Domain */,
				D6B116F52BA9F9B000017605 /* Presentation */,
			);
			path = Home;
			sourceTree = "<group>";
		};
		D6B116CC2BA7845400017605 /* Saved */ = {
			isa = PBXGroup;
			children = (
			);
			path = Saved;
			sourceTree = "<group>";
		};
		D6B116CD2BA7845900017605 /* Search */ = {
			isa = PBXGroup;
			children = (
			);
			path = Search;
			sourceTree = "<group>";
		};
		D6B116CE2BA7846700017605 /* Settings */ = {
			isa = PBXGroup;
			children = (
			);
			path = Settings;
			sourceTree = "<group>";
		};
		D6B116E22BA8DE6A00017605 /* Managers */ = {
			isa = PBXGroup;
			children = (
			);
			path = Managers;
			sourceTree = "<group>";
		};
		D6B116E72BA8DF1000017605 /* Network */ = {
			isa = PBXGroup;
			children = (
				D6B116E82BA8DF3900017605 /* BaseAPI.swift */,
				D6B116EA2BA8E03C00017605 /* EndPoint.swift */,
				D6B116EC2BA8E10100017605 /* APIRequest.swift */,
				D6B116F12BA92E2500017605 /* NewsAPI.swift */,
			);
			path = Network;
			sourceTree = "<group>";
		};
		D6B116EE2BA9188600017605 /* Models */ = {
			isa = PBXGroup;
			children = (
				D6B116EF2BA9189000017605 /* NewsModel.swift */,
			);
			path = Models;
			sourceTree = "<group>";
		};
		D6B116F32BA9F9A700017605 /* Data */ = {
			isa = PBXGroup;
			children = (
				D6B117122BAA4D3700017605 /* HomeFactory.swift */,
			);
			path = Data;
			sourceTree = "<group>";
		};
		D6B116F42BA9F9AB00017605 /* Domain */ = {
			isa = PBXGroup;
			children = (
				D6B117172BAA4DA500017605 /* HomeUseCase.swift */,
			);
			path = Domain;
			sourceTree = "<group>";
		};
		D6B116F52BA9F9B000017605 /* Presentation */ = {
			isa = PBXGroup;
			children = (
				D6B117142BAA4D6200017605 /* ViewModel */,
				D6B116F62BA9F9D700017605 /* Sections */,
				D6B116DE2BA7C10600017605 /* HomeViewController.swift */,
			);
			path = Presentation;
			sourceTree = "<group>";
		};
		D6B116F62BA9F9D700017605 /* Sections */ = {
			isa = PBXGroup;
			children = (
				D660E67C2BAB979200C897FC /* Politics Section */,
				D660E6752BAB8E5400C897FC /* TechSection */,
				D6B1171F2BAB401600017605 /* ExploreSection */,
				D6B116F72BA9F9DF00017605 /* BreakingNewsSection */,
			);
			path = Sections;
			sourceTree = "<group>";
		};
		D6B116F72BA9F9DF00017605 /* BreakingNewsSection */ = {
			isa = PBXGroup;
			children = (
				D6B116F82BA9F9F900017605 /* BreakingNewsCollectionViewCell.swift */,
				D6B116F92BA9F9F900017605 /* BreakingNewsCollectionViewCell.xib */,
				D6B117002BAA47EB00017605 /* BreakingNewsSection.swift */,
			);
			path = BreakingNewsSection;
			sourceTree = "<group>";
		};
		D6B116FD2BAA471400017605 /* UIImageView */ = {
			isa = PBXGroup;
			children = (
				D6B116FE2BAA472C00017605 /* UIImageView+Ext.swift */,
			);
			path = UIImageView;
			sourceTree = "<group>";
		};
		D6B117032BAA4C0700017605 /* SupplementaryView */ = {
			isa = PBXGroup;
			children = (
				D6B117052BAA4C2400017605 /* HeaderCollectionReusableView.swift */,
				D6B117042BAA4C2400017605 /* HeaderCollectionReusableView.xib */,
			);
			path = SupplementaryView;
			sourceTree = "<group>";
		};
		D6B117142BAA4D6200017605 /* ViewModel */ = {
			isa = PBXGroup;
			children = (
				D6B117152BAA4D7000017605 /* HomeViewModel.swift */,
			);
			path = ViewModel;
			sourceTree = "<group>";
		};
		D6B1171F2BAB401600017605 /* ExploreSection */ = {
			isa = PBXGroup;
			children = (
				D6B117202BAB403800017605 /* ExploreCollectionViewCell.swift */,
				D6B117212BAB403800017605 /* ExploreCollectionViewCell.xib */,
				D6B117242BAB412800017605 /* ExploreSection.swift */,
			);
			path = ExploreSection;
			sourceTree = "<group>";
		};
/* End PBXGroup section */

/* Begin PBXNativeTarget section */
		D6B116672BA7806100017605 /* News */ = {
			isa = PBXNativeTarget;
			buildConfigurationList = D6B116952BA7806400017605 /* Build configuration list for PBXNativeTarget "News" */;
			buildPhases = (
				D6B116BF2BA782C300017605 /* swiftgen */,
				D6B116BC2BA7825F00017605 /* swiftlint */,
				D6B116642BA7806100017605 /* Sources */,
				D6B116652BA7806100017605 /* Frameworks */,
				D6B116662BA7806100017605 /* Resources */,
			);
			buildRules = (
			);
			dependencies = (
			);
			name = News;
			packageProductDependencies = (
				D6B116DC2BA7B91000017605 /* MakeConstraints */,
				D6B117272BAB4A1E00017605 /* ViewAnimator */,
			);
			productName = News;
			productReference = D6B116682BA7806100017605 /* News.app */;
			productType = "com.apple.product-type.application";
		};
		D6B116802BA7806300017605 /* NewsTests */ = {
			isa = PBXNativeTarget;
			buildConfigurationList = D6B116982BA7806400017605 /* Build configuration list for PBXNativeTarget "NewsTests" */;
			buildPhases = (
				D6B1167D2BA7806300017605 /* Sources */,
				D6B1167E2BA7806300017605 /* Frameworks */,
				D6B1167F2BA7806300017605 /* Resources */,
			);
			buildRules = (
			);
			dependencies = (
				D6B116832BA7806300017605 /* PBXTargetDependency */,
			);
			name = NewsTests;
			productName = NewsTests;
			productReference = D6B116812BA7806300017605 /* NewsTests.xctest */;
			productType = "com.apple.product-type.bundle.unit-test";
		};
		D6B1168A2BA7806300017605 /* NewsUITests */ = {
			isa = PBXNativeTarget;
			buildConfigurationList = D6B1169B2BA7806400017605 /* Build configuration list for PBXNativeTarget "NewsUITests" */;
			buildPhases = (
				D6B116872BA7806300017605 /* Sources */,
				D6B116882BA7806300017605 /* Frameworks */,
				D6B116892BA7806300017605 /* Resources */,
			);
			buildRules = (
			);
			dependencies = (
				D6B1168D2BA7806300017605 /* PBXTargetDependency */,
			);
			name = NewsUITests;
			productName = NewsUITests;
			productReference = D6B1168B2BA7806300017605 /* NewsUITests.xctest */;
			productType = "com.apple.product-type.bundle.ui-testing";
		};
/* End PBXNativeTarget section */

/* Begin PBXProject section */
		D6B116602BA7806100017605 /* Project object */ = {
			isa = PBXProject;
			attributes = {
				BuildIndependentTargetsInParallel = 1;
				LastSwiftUpdateCheck = 1500;
				LastUpgradeCheck = 1500;
				TargetAttributes = {
					D6B116672BA7806100017605 = {
						CreatedOnToolsVersion = 15.0.1;
					};
					D6B116802BA7806300017605 = {
						CreatedOnToolsVersion = 15.0.1;
						TestTargetID = D6B116672BA7806100017605;
					};
					D6B1168A2BA7806300017605 = {
						CreatedOnToolsVersion = 15.0.1;
						TestTargetID = D6B116672BA7806100017605;
					};
				};
			};
			buildConfigurationList = D6B116632BA7806100017605 /* Build configuration list for PBXProject "News" */;
			compatibilityVersion = "Xcode 14.0";
			developmentRegion = en;
			hasScannedForEncodings = 0;
			knownRegions = (
				en,
				Base,
			);
			mainGroup = D6B1165F2BA7806100017605;
			packageReferences = (
				D6B116DB2BA7B91000017605 /* XCRemoteSwiftPackageReference "MakeConstraints" */,
				D6B117262BAB4A1E00017605 /* XCRemoteSwiftPackageReference "ViewAnimator" */,
			);
			productRefGroup = D6B116692BA7806100017605 /* Products */;
			projectDirPath = "";
			projectRoot = "";
			targets = (
				D6B116672BA7806100017605 /* News */,
				D6B116802BA7806300017605 /* NewsTests */,
				D6B1168A2BA7806300017605 /* NewsUITests */,
			);
		};
/* End PBXProject section */

/* Begin PBXResourcesBuildPhase section */
		D6B116662BA7806100017605 /* Resources */ = {
			isa = PBXResourcesBuildPhase;
			buildActionMask = 2147483647;
			files = (
				D6B116BB2BA7823700017605 /* .swiftlint.yml in Resources */,
				D6B116BE2BA782AF00017605 /* swiftgen.yml in Resources */,
				D6B1170E2BAA4C4600017605 /* Poppins-Medium.ttf in Resources */,
				D6B1170F2BAA4C4600017605 /* Poppins-Regular.ttf in Resources */,
				D6B117062BAA4C2400017605 /* HeaderCollectionReusableView.xib in Resources */,
				D6B117232BAB403800017605 /* ExploreCollectionViewCell.xib in Resources */,
				D6B116FB2BA9F9FA00017605 /* BreakingNewsCollectionViewCell.xib in Resources */,
				D6B1167B2BA7806300017605 /* LaunchScreen.storyboard in Resources */,
				D6B1170D2BAA4C4600017605 /* Poppins-SemiBold.ttf in Resources */,
				D6B117112BAA4C4600017605 /* Poppins-Bold.ttf in Resources */,
				D660E6792BAB8E7400C897FC /* TechCollectionViewCell.xib in Resources */,
				D6B116D02BA7871B00017605 /* Colors.xcassets in Resources */,
				D660E66F2BAB7ADD00C897FC /* NewViewController.xib in Resources */,
				D660E6812BAB98E800C897FC /* PoliticsCollectionViewCell.xib in Resources */,
				D6B116B92BA7820300017605 /* Localizable.strings in Resources */,
				D6B116782BA7806300017605 /* Assets.xcassets in Resources */,
			);
			runOnlyForDeploymentPostprocessing = 0;
		};
		D6B1167F2BA7806300017605 /* Resources */ = {
			isa = PBXResourcesBuildPhase;
			buildActionMask = 2147483647;
			files = (
			);
			runOnlyForDeploymentPostprocessing = 0;
		};
		D6B116892BA7806300017605 /* Resources */ = {
			isa = PBXResourcesBuildPhase;
			buildActionMask = 2147483647;
			files = (
			);
			runOnlyForDeploymentPostprocessing = 0;
		};
/* End PBXResourcesBuildPhase section */

/* Begin PBXShellScriptBuildPhase section */
		D6B116BC2BA7825F00017605 /* swiftlint */ = {
			isa = PBXShellScriptBuildPhase;
			buildActionMask = 2147483647;
			files = (
			);
			inputFileListPaths = (
			);
			inputPaths = (
			);
			name = swiftlint;
			outputFileListPaths = (
			);
			outputPaths = (
			);
			runOnlyForDeploymentPostprocessing = 0;
			shellPath = /bin/sh;
			shellScript = "export PATH=\"$PATH:/opt/homebrew/bin\"\nif which swiftlint >/dev/null; then\n  swiftlint\nelse\n  echo \"warning: SwiftLint not installed, download from https://github.com/realm/SwiftLint\"\nfi \n";
		};
		D6B116BF2BA782C300017605 /* swiftgen */ = {
			isa = PBXShellScriptBuildPhase;
			buildActionMask = 2147483647;
			files = (
			);
			inputFileListPaths = (
			);
			inputPaths = (
			);
			name = swiftgen;
			outputFileListPaths = (
			);
			outputPaths = (
			);
			runOnlyForDeploymentPostprocessing = 0;
			shellPath = /bin/sh;
			shellScript = "# Type a script or drag a script file from your workspace to insert its path.\nexport PATH=\"$PATH:/opt/homebrew/bin\"\nif which swiftgen >/dev/null; then\n  swiftgen\nelse\n  echo \"warning: get not installed, download from https://github.com/realm/SwiftLint\"\nfi \n";
		};
/* End PBXShellScriptBuildPhase section */

/* Begin PBXSourcesBuildPhase section */
		D6B116642BA7806100017605 /* Sources */ = {
			isa = PBXSourcesBuildPhase;
			buildActionMask = 2147483647;
			files = (
				D6B117102BAA4C4600017605 /* Fonts.swift in Sources */,
				D6B116D62BA7B88E00017605 /* TabBarViewModel.swift in Sources */,
				D6B1171E2BAA710100017605 /* AppCoordinator.swift in Sources */,
				D6B116F22BA92E2500017605 /* NewsAPI.swift in Sources */,
				D6B116ED2BA8E10100017605 /* APIRequest.swift in Sources */,
				D6B116AB2BA7818800017605 /* mainWindow.swift in Sources */,
				D6B116EB2BA8E03C00017605 /* EndPoint.swift in Sources */,
				D660E67B2BAB8F8300C897FC /* TechSection.swift in Sources */,
				D6B1166C2BA7806100017605 /* AppDelegate.swift in Sources */,
				D6B116C32BA7837200017605 /* Coordinator.swift in Sources */,
				D6B116F02BA9189000017605 /* NewsModel.swift in Sources */,
				D6B116C12BA782F200017605 /* Strings+Generated.swift in Sources */,
				D6B116E02BA7C10600017605 /* HomeViewController.swift in Sources */,
				D6B116C72BA783A300017605 /* Router.swift in Sources */,
				D6B116D92BA7B88E00017605 /* TabBarItem.swift in Sources */,
				D6B117162BAA4D7000017605 /* HomeViewModel.swift in Sources */,
				D6B117222BAB403800017605 /* ExploreCollectionViewCell.swift in Sources */,
				D660E66E2BAB7ADD00C897FC /* NewViewController.swift in Sources */,
				D6B116E92BA8DF3900017605 /* BaseAPI.swift in Sources */,
				D660E6782BAB8E7400C897FC /* TechCollectionViewCell.swift in Sources */,
				D6B117012BAA47EB00017605 /* BreakingNewsSection.swift in Sources */,
				D6B116D82BA7B88E00017605 /* TabBarType.swift in Sources */,
				D6B1171C2BAA6F6600017605 /* TabBarCoordinator.swift in Sources */,
				D6B117182BAA4DA500017605 /* HomeUseCase.swift in Sources */,
				D6B117132BAA4D3700017605 /* HomeFactory.swift in Sources */,
				D6B116FA2BA9F9F900017605 /* BreakingNewsCollectionViewCell.swift in Sources */,
				D6B116762BA7806100017605 /* News.xcdatamodeld in Sources */,
				D6B116FF2BAA472C00017605 /* UIImageView+Ext.swift in Sources */,
				D6B116AE2BA781A100017605 /* +topMostViewController.swift in Sources */,
				D6B117072BAA4C2400017605 /* HeaderCollectionReusableView.swift in Sources */,
				D660E6802BAB98E800C897FC /* PoliticsCollectionViewCell.swift in Sources */,
				D6B117252BAB412800017605 /* ExploreSection.swift in Sources */,
				D6B116DA2BA7B88E00017605 /* TabBarViewControlle.swift in Sources */,
				D6B1166E2BA7806100017605 /* SceneDelegate.swift in Sources */,
				D6B116C52BA7838B00017605 /* AppRouter.swift in Sources */,
				D660E6722BAB82EB00C897FC /* String+Ext.swift in Sources */,
				D660E6832BAB9B1300C897FC /* PoliticsSection.swift in Sources */,
				D6B116B12BA781B800017605 /* SectionsLayout.swift in Sources */,
				D6B116A62BA7815000017605 /* Collection+.swift in Sources */,
				D6B1171A2BAA6F3100017605 /* HomeCoordinator.swift in Sources */,
				D660E6742BAB846B00C897FC /* NewsDetailsCoordinator.swift in Sources */,
				D6B116A82BA7816E00017605 /* UICollectionVeiw+Extension.swift in Sources */,
				D6B116D72BA7B88E00017605 /* TabBar.swift in Sources */,
			);
			runOnlyForDeploymentPostprocessing = 0;
		};
		D6B1167D2BA7806300017605 /* Sources */ = {
			isa = PBXSourcesBuildPhase;
			buildActionMask = 2147483647;
			files = (
				D6B116862BA7806300017605 /* NewsTests.swift in Sources */,
			);
			runOnlyForDeploymentPostprocessing = 0;
		};
		D6B116872BA7806300017605 /* Sources */ = {
			isa = PBXSourcesBuildPhase;
			buildActionMask = 2147483647;
			files = (
				D6B116902BA7806300017605 /* NewsUITests.swift in Sources */,
				D6B116922BA7806400017605 /* NewsUITestsLaunchTests.swift in Sources */,
			);
			runOnlyForDeploymentPostprocessing = 0;
		};
/* End PBXSourcesBuildPhase section */

/* Begin PBXTargetDependency section */
		D6B116832BA7806300017605 /* PBXTargetDependency */ = {
			isa = PBXTargetDependency;
			target = D6B116672BA7806100017605 /* News */;
			targetProxy = D6B116822BA7806300017605 /* PBXContainerItemProxy */;
		};
		D6B1168D2BA7806300017605 /* PBXTargetDependency */ = {
			isa = PBXTargetDependency;
			target = D6B116672BA7806100017605 /* News */;
			targetProxy = D6B1168C2BA7806300017605 /* PBXContainerItemProxy */;
		};
/* End PBXTargetDependency section */

/* Begin PBXVariantGroup section */
		D6B116792BA7806300017605 /* LaunchScreen.storyboard */ = {
			isa = PBXVariantGroup;
			children = (
				D6B1167A2BA7806300017605 /* Base */,
			);
			name = LaunchScreen.storyboard;
			sourceTree = "<group>";
		};
/* End PBXVariantGroup section */

/* Begin XCBuildConfiguration section */
		D6B116932BA7806400017605 /* Debug */ = {
			isa = XCBuildConfiguration;
			buildSettings = {
				ALWAYS_SEARCH_USER_PATHS = NO;
				ASSETCATALOG_COMPILER_GENERATE_SWIFT_ASSET_SYMBOL_EXTENSIONS = YES;
				CLANG_ANALYZER_NONNULL = YES;
				CLANG_ANALYZER_NUMBER_OBJECT_CONVERSION = YES_AGGRESSIVE;
				CLANG_CXX_LANGUAGE_STANDARD = "gnu++20";
				CLANG_ENABLE_MODULES = YES;
				CLANG_ENABLE_OBJC_ARC = YES;
				CLANG_ENABLE_OBJC_WEAK = YES;
				CLANG_WARN_BLOCK_CAPTURE_AUTORELEASING = YES;
				CLANG_WARN_BOOL_CONVERSION = YES;
				CLANG_WARN_COMMA = YES;
				CLANG_WARN_CONSTANT_CONVERSION = YES;
				CLANG_WARN_DEPRECATED_OBJC_IMPLEMENTATIONS = YES;
				CLANG_WARN_DIRECT_OBJC_ISA_USAGE = YES_ERROR;
				CLANG_WARN_DOCUMENTATION_COMMENTS = YES;
				CLANG_WARN_EMPTY_BODY = YES;
				CLANG_WARN_ENUM_CONVERSION = YES;
				CLANG_WARN_INFINITE_RECURSION = YES;
				CLANG_WARN_INT_CONVERSION = YES;
				CLANG_WARN_NON_LITERAL_NULL_CONVERSION = YES;
				CLANG_WARN_OBJC_IMPLICIT_RETAIN_SELF = YES;
				CLANG_WARN_OBJC_LITERAL_CONVERSION = YES;
				CLANG_WARN_OBJC_ROOT_CLASS = YES_ERROR;
				CLANG_WARN_QUOTED_INCLUDE_IN_FRAMEWORK_HEADER = YES;
				CLANG_WARN_RANGE_LOOP_ANALYSIS = YES;
				CLANG_WARN_STRICT_PROTOTYPES = YES;
				CLANG_WARN_SUSPICIOUS_MOVE = YES;
				CLANG_WARN_UNGUARDED_AVAILABILITY = YES_AGGRESSIVE;
				CLANG_WARN_UNREACHABLE_CODE = YES;
				CLANG_WARN__DUPLICATE_METHOD_MATCH = YES;
				COPY_PHASE_STRIP = NO;
				DEBUG_INFORMATION_FORMAT = dwarf;
				ENABLE_STRICT_OBJC_MSGSEND = YES;
				ENABLE_TESTABILITY = YES;
				ENABLE_USER_SCRIPT_SANDBOXING = YES;
				GCC_C_LANGUAGE_STANDARD = gnu17;
				GCC_DYNAMIC_NO_PIC = NO;
				GCC_NO_COMMON_BLOCKS = YES;
				GCC_OPTIMIZATION_LEVEL = 0;
				GCC_PREPROCESSOR_DEFINITIONS = (
					"DEBUG=1",
					"$(inherited)",
				);
				GCC_WARN_64_TO_32_BIT_CONVERSION = YES;
				GCC_WARN_ABOUT_RETURN_TYPE = YES_ERROR;
				GCC_WARN_UNDECLARED_SELECTOR = YES;
				GCC_WARN_UNINITIALIZED_AUTOS = YES_AGGRESSIVE;
				GCC_WARN_UNUSED_FUNCTION = YES;
				GCC_WARN_UNUSED_VARIABLE = YES;
				IPHONEOS_DEPLOYMENT_TARGET = 17.0;
				LOCALIZATION_PREFERS_STRING_CATALOGS = YES;
				MTL_ENABLE_DEBUG_INFO = INCLUDE_SOURCE;
				MTL_FAST_MATH = YES;
				ONLY_ACTIVE_ARCH = YES;
				SDKROOT = iphoneos;
				SWIFT_ACTIVE_COMPILATION_CONDITIONS = "DEBUG $(inherited)";
				SWIFT_OPTIMIZATION_LEVEL = "-Onone";
			};
			name = Debug;
		};
		D6B116942BA7806400017605 /* Release */ = {
			isa = XCBuildConfiguration;
			buildSettings = {
				ALWAYS_SEARCH_USER_PATHS = NO;
				ASSETCATALOG_COMPILER_GENERATE_SWIFT_ASSET_SYMBOL_EXTENSIONS = YES;
				CLANG_ANALYZER_NONNULL = YES;
				CLANG_ANALYZER_NUMBER_OBJECT_CONVERSION = YES_AGGRESSIVE;
				CLANG_CXX_LANGUAGE_STANDARD = "gnu++20";
				CLANG_ENABLE_MODULES = YES;
				CLANG_ENABLE_OBJC_ARC = YES;
				CLANG_ENABLE_OBJC_WEAK = YES;
				CLANG_WARN_BLOCK_CAPTURE_AUTORELEASING = YES;
				CLANG_WARN_BOOL_CONVERSION = YES;
				CLANG_WARN_COMMA = YES;
				CLANG_WARN_CONSTANT_CONVERSION = YES;
				CLANG_WARN_DEPRECATED_OBJC_IMPLEMENTATIONS = YES;
				CLANG_WARN_DIRECT_OBJC_ISA_USAGE = YES_ERROR;
				CLANG_WARN_DOCUMENTATION_COMMENTS = YES;
				CLANG_WARN_EMPTY_BODY = YES;
				CLANG_WARN_ENUM_CONVERSION = YES;
				CLANG_WARN_INFINITE_RECURSION = YES;
				CLANG_WARN_INT_CONVERSION = YES;
				CLANG_WARN_NON_LITERAL_NULL_CONVERSION = YES;
				CLANG_WARN_OBJC_IMPLICIT_RETAIN_SELF = YES;
				CLANG_WARN_OBJC_LITERAL_CONVERSION = YES;
				CLANG_WARN_OBJC_ROOT_CLASS = YES_ERROR;
				CLANG_WARN_QUOTED_INCLUDE_IN_FRAMEWORK_HEADER = YES;
				CLANG_WARN_RANGE_LOOP_ANALYSIS = YES;
				CLANG_WARN_STRICT_PROTOTYPES = YES;
				CLANG_WARN_SUSPICIOUS_MOVE = YES;
				CLANG_WARN_UNGUARDED_AVAILABILITY = YES_AGGRESSIVE;
				CLANG_WARN_UNREACHABLE_CODE = YES;
				CLANG_WARN__DUPLICATE_METHOD_MATCH = YES;
				COPY_PHASE_STRIP = NO;
				DEBUG_INFORMATION_FORMAT = "dwarf-with-dsym";
				ENABLE_NS_ASSERTIONS = NO;
				ENABLE_STRICT_OBJC_MSGSEND = YES;
				ENABLE_USER_SCRIPT_SANDBOXING = YES;
				GCC_C_LANGUAGE_STANDARD = gnu17;
				GCC_NO_COMMON_BLOCKS = YES;
				GCC_WARN_64_TO_32_BIT_CONVERSION = YES;
				GCC_WARN_ABOUT_RETURN_TYPE = YES_ERROR;
				GCC_WARN_UNDECLARED_SELECTOR = YES;
				GCC_WARN_UNINITIALIZED_AUTOS = YES_AGGRESSIVE;
				GCC_WARN_UNUSED_FUNCTION = YES;
				GCC_WARN_UNUSED_VARIABLE = YES;
				IPHONEOS_DEPLOYMENT_TARGET = 17.0;
				LOCALIZATION_PREFERS_STRING_CATALOGS = YES;
				MTL_ENABLE_DEBUG_INFO = NO;
				MTL_FAST_MATH = YES;
				SDKROOT = iphoneos;
				SWIFT_COMPILATION_MODE = wholemodule;
				VALIDATE_PRODUCT = YES;
			};
			name = Release;
		};
		D6B116962BA7806400017605 /* Debug */ = {
			isa = XCBuildConfiguration;
			buildSettings = {
				ASSETCATALOG_COMPILER_APPICON_NAME = AppIcon;
				ASSETCATALOG_COMPILER_GLOBAL_ACCENT_COLOR_NAME = AccentColor;
				CODE_SIGN_STYLE = Automatic;
				CURRENT_PROJECT_VERSION = 1;
				DEVELOPMENT_TEAM = Z9VC2L39AT;
				ENABLE_USER_SCRIPT_SANDBOXING = NO;
				GENERATE_INFOPLIST_FILE = YES;
				INFOPLIST_FILE = News/Info.plist;
				INFOPLIST_KEY_UIApplicationSupportsIndirectInputEvents = YES;
				INFOPLIST_KEY_UILaunchStoryboardName = LaunchScreen;
				INFOPLIST_KEY_UISupportedInterfaceOrientations_iPad = "UIInterfaceOrientationPortrait UIInterfaceOrientationPortraitUpsideDown UIInterfaceOrientationLandscapeLeft UIInterfaceOrientationLandscapeRight";
				INFOPLIST_KEY_UISupportedInterfaceOrientations_iPhone = "UIInterfaceOrientationPortrait UIInterfaceOrientationLandscapeLeft UIInterfaceOrientationLandscapeRight";
				LD_RUNPATH_SEARCH_PATHS = (
					"$(inherited)",
					"@executable_path/Frameworks",
				);
				MARKETING_VERSION = 1.0;
				PRODUCT_BUNDLE_IDENTIFIER = co.thenasserr.News;
				PRODUCT_NAME = "$(TARGET_NAME)";
				SWIFT_EMIT_LOC_STRINGS = YES;
				SWIFT_VERSION = 5.0;
				TARGETED_DEVICE_FAMILY = "1,2";
			};
			name = Debug;
		};
		D6B116972BA7806400017605 /* Release */ = {
			isa = XCBuildConfiguration;
			buildSettings = {
				ASSETCATALOG_COMPILER_APPICON_NAME = AppIcon;
				ASSETCATALOG_COMPILER_GLOBAL_ACCENT_COLOR_NAME = AccentColor;
				CODE_SIGN_STYLE = Automatic;
				CURRENT_PROJECT_VERSION = 1;
				DEVELOPMENT_TEAM = Z9VC2L39AT;
				ENABLE_USER_SCRIPT_SANDBOXING = NO;
				GENERATE_INFOPLIST_FILE = YES;
				INFOPLIST_FILE = News/Info.plist;
				INFOPLIST_KEY_UIApplicationSupportsIndirectInputEvents = YES;
				INFOPLIST_KEY_UILaunchStoryboardName = LaunchScreen;
				INFOPLIST_KEY_UISupportedInterfaceOrientations_iPad = "UIInterfaceOrientationPortrait UIInterfaceOrientationPortraitUpsideDown UIInterfaceOrientationLandscapeLeft UIInterfaceOrientationLandscapeRight";
				INFOPLIST_KEY_UISupportedInterfaceOrientations_iPhone = "UIInterfaceOrientationPortrait UIInterfaceOrientationLandscapeLeft UIInterfaceOrientationLandscapeRight";
				LD_RUNPATH_SEARCH_PATHS = (
					"$(inherited)",
					"@executable_path/Frameworks",
				);
				MARKETING_VERSION = 1.0;
				PRODUCT_BUNDLE_IDENTIFIER = co.thenasserr.News;
				PRODUCT_NAME = "$(TARGET_NAME)";
				SWIFT_EMIT_LOC_STRINGS = YES;
				SWIFT_VERSION = 5.0;
				TARGETED_DEVICE_FAMILY = "1,2";
			};
			name = Release;
		};
		D6B116992BA7806400017605 /* Debug */ = {
			isa = XCBuildConfiguration;
			buildSettings = {
				ALWAYS_EMBED_SWIFT_STANDARD_LIBRARIES = YES;
				BUNDLE_LOADER = "$(TEST_HOST)";
				CODE_SIGN_STYLE = Automatic;
				CURRENT_PROJECT_VERSION = 1;
				DEVELOPMENT_TEAM = Z9VC2L39AT;
				GENERATE_INFOPLIST_FILE = YES;
				IPHONEOS_DEPLOYMENT_TARGET = 17.0;
				MARKETING_VERSION = 1.0;
				PRODUCT_BUNDLE_IDENTIFIER = co.thenasserr.NewsTests;
				PRODUCT_NAME = "$(TARGET_NAME)";
				SWIFT_EMIT_LOC_STRINGS = NO;
				SWIFT_VERSION = 5.0;
				TARGETED_DEVICE_FAMILY = "1,2";
				TEST_HOST = "$(BUILT_PRODUCTS_DIR)/News.app/$(BUNDLE_EXECUTABLE_FOLDER_PATH)/News";
			};
			name = Debug;
		};
		D6B1169A2BA7806400017605 /* Release */ = {
			isa = XCBuildConfiguration;
			buildSettings = {
				ALWAYS_EMBED_SWIFT_STANDARD_LIBRARIES = YES;
				BUNDLE_LOADER = "$(TEST_HOST)";
				CODE_SIGN_STYLE = Automatic;
				CURRENT_PROJECT_VERSION = 1;
				DEVELOPMENT_TEAM = Z9VC2L39AT;
				GENERATE_INFOPLIST_FILE = YES;
				IPHONEOS_DEPLOYMENT_TARGET = 17.0;
				MARKETING_VERSION = 1.0;
				PRODUCT_BUNDLE_IDENTIFIER = co.thenasserr.NewsTests;
				PRODUCT_NAME = "$(TARGET_NAME)";
				SWIFT_EMIT_LOC_STRINGS = NO;
				SWIFT_VERSION = 5.0;
				TARGETED_DEVICE_FAMILY = "1,2";
				TEST_HOST = "$(BUILT_PRODUCTS_DIR)/News.app/$(BUNDLE_EXECUTABLE_FOLDER_PATH)/News";
			};
			name = Release;
		};
		D6B1169C2BA7806400017605 /* Debug */ = {
			isa = XCBuildConfiguration;
			buildSettings = {
				ALWAYS_EMBED_SWIFT_STANDARD_LIBRARIES = YES;
				CODE_SIGN_STYLE = Automatic;
				CURRENT_PROJECT_VERSION = 1;
				DEVELOPMENT_TEAM = Z9VC2L39AT;
				GENERATE_INFOPLIST_FILE = YES;
				MARKETING_VERSION = 1.0;
				PRODUCT_BUNDLE_IDENTIFIER = co.thenasserr.NewsUITests;
				PRODUCT_NAME = "$(TARGET_NAME)";
				SWIFT_EMIT_LOC_STRINGS = NO;
				SWIFT_VERSION = 5.0;
				TARGETED_DEVICE_FAMILY = "1,2";
				TEST_TARGET_NAME = News;
			};
			name = Debug;
		};
		D6B1169D2BA7806400017605 /* Release */ = {
			isa = XCBuildConfiguration;
			buildSettings = {
				ALWAYS_EMBED_SWIFT_STANDARD_LIBRARIES = YES;
				CODE_SIGN_STYLE = Automatic;
				CURRENT_PROJECT_VERSION = 1;
				DEVELOPMENT_TEAM = Z9VC2L39AT;
				GENERATE_INFOPLIST_FILE = YES;
				MARKETING_VERSION = 1.0;
				PRODUCT_BUNDLE_IDENTIFIER = co.thenasserr.NewsUITests;
				PRODUCT_NAME = "$(TARGET_NAME)";
				SWIFT_EMIT_LOC_STRINGS = NO;
				SWIFT_VERSION = 5.0;
				TARGETED_DEVICE_FAMILY = "1,2";
				TEST_TARGET_NAME = News;
			};
			name = Release;
		};
/* End XCBuildConfiguration section */

/* Begin XCConfigurationList section */
		D6B116632BA7806100017605 /* Build configuration list for PBXProject "News" */ = {
			isa = XCConfigurationList;
			buildConfigurations = (
				D6B116932BA7806400017605 /* Debug */,
				D6B116942BA7806400017605 /* Release */,
			);
			defaultConfigurationIsVisible = 0;
			defaultConfigurationName = Release;
		};
		D6B116952BA7806400017605 /* Build configuration list for PBXNativeTarget "News" */ = {
			isa = XCConfigurationList;
			buildConfigurations = (
				D6B116962BA7806400017605 /* Debug */,
				D6B116972BA7806400017605 /* Release */,
			);
			defaultConfigurationIsVisible = 0;
			defaultConfigurationName = Release;
		};
		D6B116982BA7806400017605 /* Build configuration list for PBXNativeTarget "NewsTests" */ = {
			isa = XCConfigurationList;
			buildConfigurations = (
				D6B116992BA7806400017605 /* Debug */,
				D6B1169A2BA7806400017605 /* Release */,
			);
			defaultConfigurationIsVisible = 0;
			defaultConfigurationName = Release;
		};
		D6B1169B2BA7806400017605 /* Build configuration list for PBXNativeTarget "NewsUITests" */ = {
			isa = XCConfigurationList;
			buildConfigurations = (
				D6B1169C2BA7806400017605 /* Debug */,
				D6B1169D2BA7806400017605 /* Release */,
			);
			defaultConfigurationIsVisible = 0;
			defaultConfigurationName = Release;
		};
/* End XCConfigurationList section */

/* Begin XCRemoteSwiftPackageReference section */
		D6B116DB2BA7B91000017605 /* XCRemoteSwiftPackageReference "MakeConstraints" */ = {
			isa = XCRemoteSwiftPackageReference;
			repositoryURL = "https://github.com/ahmed-yamany/MakeConstraints";
			requirement = {
				branch = main;
				kind = branch;
			};
		};
		D6B117262BAB4A1E00017605 /* XCRemoteSwiftPackageReference "ViewAnimator" */ = {
			isa = XCRemoteSwiftPackageReference;
			repositoryURL = "https://github.com/marcosgriselli/ViewAnimator.git";
			requirement = {
				kind = upToNextMajorVersion;
				minimumVersion = 3.1.0;
			};
		};
/* End XCRemoteSwiftPackageReference section */

/* Begin XCSwiftPackageProductDependency section */
		D6B116DC2BA7B91000017605 /* MakeConstraints */ = {
			isa = XCSwiftPackageProductDependency;
			package = D6B116DB2BA7B91000017605 /* XCRemoteSwiftPackageReference "MakeConstraints" */;
			productName = MakeConstraints;
		};
		D6B117272BAB4A1E00017605 /* ViewAnimator */ = {
			isa = XCSwiftPackageProductDependency;
			package = D6B117262BAB4A1E00017605 /* XCRemoteSwiftPackageReference "ViewAnimator" */;
			productName = ViewAnimator;
		};
/* End XCSwiftPackageProductDependency section */

/* Begin XCVersionGroup section */
		D6B116742BA7806100017605 /* News.xcdatamodeld */ = {
			isa = XCVersionGroup;
			children = (
				D6B116752BA7806100017605 /* News.xcdatamodel */,
			);
			currentVersion = D6B116752BA7806100017605 /* News.xcdatamodel */;
			path = News.xcdatamodeld;
			sourceTree = "<group>";
			versionGroupType = wrapper.xcdatamodel;
		};
/* End XCVersionGroup section */
	};
	rootObject = D6B116602BA7806100017605 /* Project object */;
}
